
Microsoft Visual Studio Solution File, Format Version 12.00
# Visual Studio Version 17
VisualStudioVersion = 17.7.34003.232
MinimumVisualStudioVersion = 10.0.40219.1
Project("{FAE04EC0-301F-11D3-BF4B-00C04F79EFBC}") = "assig", "assig\assig.csproj", "{4D9601F6-499C-4AD2-A0EA-D7EA8428C0FF}"
EndProject
Global
	GlobalSection(SolutionConfigurationPlatforms) = preSolution
		Debug|Any CPU = Debug|Any CPU
		Release|Any CPU = Release|Any CPU
	EndGlobalSection
	GlobalSection(ProjectConfigurationPlatforms) = postSolution
		{4D9601F6-499C-4AD2-A0EA-D7EA8428C0FF}.Debug|Any CPU.ActiveCfg = Debug|Any CPU
		{4D9601F6-499C-4AD2-A0EA-D7EA8428C0FF}.Debug|Any CPU.Build.0 = Debug|Any CPU
		{4D9601F6-499C-4AD2-A0EA-D7EA8428C0FF}.Release|Any CPU.ActiveCfg = Release|Any CPU
		{4D9601F6-499C-4AD2-A0EA-D7EA8428C0FF}.Release|Any CPU.Build.0 = Release|Any CPU
	EndGlobalSection
	GlobalSection(SolutionProperties) = preSolution
		HideSolutionNode = FALSE
	EndGlobalSection
	GlobalSection(ExtensibilityGlobals) = postSolution
		SolutionGuid = {BBD3E32E-7B2E-4DE9-837C-5AB88410C8BE}
	EndGlobalSection
EndGlobal
